
Microsoft Visual Studio Solution File, Format Version 12.00
Project("{2150E333-8FDC-42A3-9474-1A3956D46DE8}") = "src", "src", "{6903A815-A791-4621-852B-4C2B3F26B897}"
EndProject
Project("{2150E333-8FDC-42A3-9474-1A3956D46DE8}") = "tests", "tests", "{96D7520B-ACFC-4B1F-B7D8-65A0E65FCEF0}"
EndProject
Project("{FAE04EC0-301F-11D3-BF4B-00C04F79EFBC}") = "SympliSearch.ServiceDefaults", "src\SympliSearch.ServiceDefaults\SympliSearch.ServiceDefaults.csproj", "{F8EB6F5A-B5AB-4CC6-A4A8-97CFE6F2E3E1}"
EndProject
Project("{FAE04EC0-301F-11D3-BF4B-00C04F79EFBC}") = "SympliSearch.AppHost", "src\SympliSearch.AppHost\SympliSearch.AppHost.csproj", "{2746F25B-A14D-4DF6-8DBA-516FFCC34933}"
EndProject
Project("{2150E333-8FDC-42A3-9474-1A3956D46DE8}") = "Services", "Services", "{E1613E35-CD20-4519-B10C-B317F5E61417}"
EndProject
Project("{FAE04EC0-301F-11D3-BF4B-00C04F79EFBC}") = "SympliSearch.MigrationService", "src\Services\SympliSearch.MigrationService\SympliSearch.MigrationService.csproj", "{9EA9B71C-ABDF-4B70-BFB2-48607AAE5F61}"
EndProject
Project("{2150E333-8FDC-42A3-9474-1A3956D46DE8}") = "SympliSearch", "SympliSearch", "{93D68091-3519-4744-8FE8-715CF82E30D0}"
EndProject
Project("{FAE04EC0-301F-11D3-BF4B-00C04F79EFBC}") = "SearchService.Api", "src\Services\SympliSearch\SearchService.Api\SearchService.Api.csproj", "{2AFFC807-750D-40AC-B12B-6AFE05123D7E}"
EndProject
Project("{FAE04EC0-301F-11D3-BF4B-00C04F79EFBC}") = "SearchService.Domain", "src\Services\SympliSearch\SearchService.Domain\SearchService.Domain.csproj", "{76A7ABA0-E10A-46B0-B815-7AD0B34AE5F6}"
EndProject
Project("{FAE04EC0-301F-11D3-BF4B-00C04F79EFBC}") = "SearchService.Application", "src\Services\SympliSearch\SearchService.Application\SearchService.Application.csproj", "{56A974BD-0A98-40B8-8A8E-FE5EDB65FCD6}"
EndProject
Project("{FAE04EC0-301F-11D3-BF4B-00C04F79EFBC}") = "SearchService.Infrastructure", "src\Services\SympliSearch\SearchService.Infrastructure\SearchService.Infrastructure.csproj", "{0F006ACC-8808-4516-81FB-DEFA61A64392}"
EndProject
Project("{FAE04EC0-301F-11D3-BF4B-00C04F79EFBC}") = "SearchService.Tests", "tests\SearchService.Tests\SearchService.Tests.csproj", "{6DD88277-A281-4BAE-B4D3-47327BCAF07F}"
EndProject
Project("{2150E333-8FDC-42A3-9474-1A3956D46DE8}") = "IdentityService", "IdentityService", "{88EE39DA-2D62-4C37-AE61-09A694ED4264}"
EndProject
Global
	GlobalSection(SolutionConfigurationPlatforms) = preSolution
		Debug|Any CPU = Debug|Any CPU
		Release|Any CPU = Release|Any CPU
	EndGlobalSection
	GlobalSection(NestedProjects) = preSolution
		{F8EB6F5A-B5AB-4CC6-A4A8-97CFE6F2E3E1} = {6903A815-A791-4621-852B-4C2B3F26B897}
		{2746F25B-A14D-4DF6-8DBA-516FFCC34933} = {6903A815-A791-4621-852B-4C2B3F26B897}
		{E1613E35-CD20-4519-B10C-B317F5E61417} = {6903A815-A791-4621-852B-4C2B3F26B897}
		{9EA9B71C-ABDF-4B70-BFB2-48607AAE5F61} = {E1613E35-CD20-4519-B10C-B317F5E61417}
		{93D68091-3519-4744-8FE8-715CF82E30D0} = {E1613E35-CD20-4519-B10C-B317F5E61417}
		{2AFFC807-750D-40AC-B12B-6AFE05123D7E} = {93D68091-3519-4744-8FE8-715CF82E30D0}
		{76A7ABA0-E10A-46B0-B815-7AD0B34AE5F6} = {93D68091-3519-4744-8FE8-715CF82E30D0}
		{56A974BD-0A98-40B8-8A8E-FE5EDB65FCD6} = {93D68091-3519-4744-8FE8-715CF82E30D0}
		{0F006ACC-8808-4516-81FB-DEFA61A64392} = {93D68091-3519-4744-8FE8-715CF82E30D0}
		{6DD88277-A281-4BAE-B4D3-47327BCAF07F} = {96D7520B-ACFC-4B1F-B7D8-65A0E65FCEF0}
		{88EE39DA-2D62-4C37-AE61-09A694ED4264} = {E1613E35-CD20-4519-B10C-B317F5E61417}
	EndGlobalSection
	GlobalSection(ProjectConfigurationPlatforms) = postSolution
		{F8EB6F5A-B5AB-4CC6-A4A8-97CFE6F2E3E1}.Debug|Any CPU.ActiveCfg = Debug|Any CPU
		{F8EB6F5A-B5AB-4CC6-A4A8-97CFE6F2E3E1}.Debug|Any CPU.Build.0 = Debug|Any CPU
		{F8EB6F5A-B5AB-4CC6-A4A8-97CFE6F2E3E1}.Release|Any CPU.ActiveCfg = Release|Any CPU
		{F8EB6F5A-B5AB-4CC6-A4A8-97CFE6F2E3E1}.Release|Any CPU.Build.0 = Release|Any CPU
		{2746F25B-A14D-4DF6-8DBA-516FFCC34933}.Debug|Any CPU.ActiveCfg = Debug|Any CPU
		{2746F25B-A14D-4DF6-8DBA-516FFCC34933}.Debug|Any CPU.Build.0 = Debug|Any CPU
		{2746F25B-A14D-4DF6-8DBA-516FFCC34933}.Release|Any CPU.ActiveCfg = Release|Any CPU
		{2746F25B-A14D-4DF6-8DBA-516FFCC34933}.Release|Any CPU.Build.0 = Release|Any CPU
		{9EA9B71C-ABDF-4B70-BFB2-48607AAE5F61}.Debug|Any CPU.ActiveCfg = Debug|Any CPU
		{9EA9B71C-ABDF-4B70-BFB2-48607AAE5F61}.Debug|Any CPU.Build.0 = Debug|Any CPU
		{9EA9B71C-ABDF-4B70-BFB2-48607AAE5F61}.Release|Any CPU.ActiveCfg = Release|Any CPU
		{9EA9B71C-ABDF-4B70-BFB2-48607AAE5F61}.Release|Any CPU.Build.0 = Release|Any CPU
		{2AFFC807-750D-40AC-B12B-6AFE05123D7E}.Debug|Any CPU.ActiveCfg = Debug|Any CPU
		{2AFFC807-750D-40AC-B12B-6AFE05123D7E}.Debug|Any CPU.Build.0 = Debug|Any CPU
		{2AFFC807-750D-40AC-B12B-6AFE05123D7E}.Release|Any CPU.ActiveCfg = Release|Any CPU
		{2AFFC807-750D-40AC-B12B-6AFE05123D7E}.Release|Any CPU.Build.0 = Release|Any CPU
		{76A7ABA0-E10A-46B0-B815-7AD0B34AE5F6}.Debug|Any CPU.ActiveCfg = Debug|Any CPU
		{76A7ABA0-E10A-46B0-B815-7AD0B34AE5F6}.Debug|Any CPU.Build.0 = Debug|Any CPU
		{76A7ABA0-E10A-46B0-B815-7AD0B34AE5F6}.Release|Any CPU.ActiveCfg = Release|Any CPU
		{76A7ABA0-E10A-46B0-B815-7AD0B34AE5F6}.Release|Any CPU.Build.0 = Release|Any CPU
		{56A974BD-0A98-40B8-8A8E-FE5EDB65FCD6}.Debug|Any CPU.ActiveCfg = Debug|Any CPU
		{56A974BD-0A98-40B8-8A8E-FE5EDB65FCD6}.Debug|Any CPU.Build.0 = Debug|Any CPU
		{56A974BD-0A98-40B8-8A8E-FE5EDB65FCD6}.Release|Any CPU.ActiveCfg = Release|Any CPU
		{56A974BD-0A98-40B8-8A8E-FE5EDB65FCD6}.Release|Any CPU.Build.0 = Release|Any CPU
		{0F006ACC-8808-4516-81FB-DEFA61A64392}.Debug|Any CPU.ActiveCfg = Debug|Any CPU
		{0F006ACC-8808-4516-81FB-DEFA61A64392}.Debug|Any CPU.Build.0 = Debug|Any CPU
		{0F006ACC-8808-4516-81FB-DEFA61A64392}.Release|Any CPU.ActiveCfg = Release|Any CPU
		{0F006ACC-8808-4516-81FB-DEFA61A64392}.Release|Any CPU.Build.0 = Release|Any CPU
		{6DD88277-A281-4BAE-B4D3-47327BCAF07F}.Debug|Any CPU.ActiveCfg = Debug|Any CPU
		{6DD88277-A281-4BAE-B4D3-47327BCAF07F}.Debug|Any CPU.Build.0 = Debug|Any CPU
		{6DD88277-A281-4BAE-B4D3-47327BCAF07F}.Release|Any CPU.ActiveCfg = Release|Any CPU
		{6DD88277-A281-4BAE-B4D3-47327BCAF07F}.Release|Any CPU.Build.0 = Release|Any CPU
	EndGlobalSection
EndGlobal
